
Microsoft Visual Studio Solution File, Format Version 12.00
# Visual Studio 15
VisualStudioVersion = 15.0.28307.1972
MinimumVisualStudioVersion = 10.0.40219.1
Project("{FAE04EC0-301F-11D3-BF4B-00C04F79EFBC}") = "Lab1", "Lab1\Lab1.csproj", "{BBD98CAD-DCB9-4B06-84D0-3E88A41BC5C1}"
EndProject
Project("{FAE04EC0-301F-11D3-BF4B-00C04F79EFBC}") = "2", "2\2.csproj", "{656495F6-326A-4053-9C62-5A1102EC3220}"
EndProject
Global
	GlobalSection(SolutionConfigurationPlatforms) = preSolution
		Debug|Any CPU = Debug|Any CPU
		Release|Any CPU = Release|Any CPU
	EndGlobalSection
	GlobalSection(ProjectConfigurationPlatforms) = postSolution
		{BBD98CAD-DCB9-4B06-84D0-3E88A41BC5C1}.Debug|Any CPU.ActiveCfg = Debug|Any CPU
		{BBD98CAD-DCB9-4B06-84D0-3E88A41BC5C1}.Debug|Any CPU.Build.0 = Debug|Any CPU
		{BBD98CAD-DCB9-4B06-84D0-3E88A41BC5C1}.Release|Any CPU.ActiveCfg = Release|Any CPU
		{BBD98CAD-DCB9-4B06-84D0-3E88A41BC5C1}.Release|Any CPU.Build.0 = Release|Any CPU
		{656495F6-326A-4053-9C62-5A1102EC3220}.Debug|Any CPU.ActiveCfg = Debug|Any CPU
		{656495F6-326A-4053-9C62-5A1102EC3220}.Debug|Any CPU.Build.0 = Debug|Any CPU
		{656495F6-326A-4053-9C62-5A1102EC3220}.Release|Any CPU.ActiveCfg = Release|Any CPU
		{656495F6-326A-4053-9C62-5A1102EC3220}.Release|Any CPU.Build.0 = Release|Any CPU
	EndGlobalSection
	GlobalSection(SolutionProperties) = preSolution
		HideSolutionNode = FALSE
	EndGlobalSection
	GlobalSection(ExtensibilityGlobals) = postSolution
		SolutionGuid = {B13DF55B-D382-4C34-82D8-3C2695F7B6E6}
	EndGlobalSection
EndGlobal
